
Microsoft Visual Studio Solution File, Format Version 12.00
# Visual Studio 15
Project("{FAE04EC0-301F-11D3-BF4B-00C04F79EFBC}") = "Assembly-CSharp", "Assembly-CSharp.csproj", "{79967E39-3096-54BD-4C66-341DD99924EA}"
EndProject
Project("{FAE04EC0-301F-11D3-BF4B-00C04F79EFBC}") = "GoogleMobileAds.Editor", "GoogleMobileAds.Editor.csproj", "{F641A376-167E-EC5E-DFD1-2ECEB94E2491}"
EndProject
Project("{FAE04EC0-301F-11D3-BF4B-00C04F79EFBC}") = "Assembly-CSharp-Editor", "Assembly-CSharp-Editor.csproj", "{FC40CE8E-61D2-9F2C-9B07-562A5BC3577C}"
EndProject
Global
	GlobalSection(SolutionConfigurationPlatforms) = preSolution
		Debug|Any CPU = Debug|Any CPU
		Release|Any CPU = Release|Any CPU
	EndGlobalSection
	GlobalSection(ProjectConfigurationPlatforms) = postSolution
		{79967E39-3096-54BD-4C66-341DD99924EA}.Debug|Any CPU.ActiveCfg = Debug|Any CPU
		{79967E39-3096-54BD-4C66-341DD99924EA}.Debug|Any CPU.Build.0 = Debug|Any CPU
		{79967E39-3096-54BD-4C66-341DD99924EA}.Release|Any CPU.ActiveCfg = Release|Any CPU
		{79967E39-3096-54BD-4C66-341DD99924EA}.Release|Any CPU.Build.0 = Release|Any CPU
		{F641A376-167E-EC5E-DFD1-2ECEB94E2491}.Debug|Any CPU.ActiveCfg = Debug|Any CPU
		{F641A376-167E-EC5E-DFD1-2ECEB94E2491}.Debug|Any CPU.Build.0 = Debug|Any CPU
		{F641A376-167E-EC5E-DFD1-2ECEB94E2491}.Release|Any CPU.ActiveCfg = Release|Any CPU
		{F641A376-167E-EC5E-DFD1-2ECEB94E2491}.Release|Any CPU.Build.0 = Release|Any CPU
		{FC40CE8E-61D2-9F2C-9B07-562A5BC3577C}.Debug|Any CPU.ActiveCfg = Debug|Any CPU
		{FC40CE8E-61D2-9F2C-9B07-562A5BC3577C}.Debug|Any CPU.Build.0 = Debug|Any CPU
		{FC40CE8E-61D2-9F2C-9B07-562A5BC3577C}.Release|Any CPU.ActiveCfg = Release|Any CPU
		{FC40CE8E-61D2-9F2C-9B07-562A5BC3577C}.Release|Any CPU.Build.0 = Release|Any CPU
	EndGlobalSection
	GlobalSection(SolutionProperties) = preSolution
		HideSolutionNode = FALSE
	EndGlobalSection
EndGlobal
